
Microsoft Visual Studio Solution File, Format Version 12.00
# Visual Studio 2013
VisualStudioVersion = 12.0.21005.1
MinimumVisualStudioVersion = 10.0.40219.1
Project("{FAE04EC0-301F-11D3-BF4B-00C04F79EFBC}") = "AnalysisVBFormApl", "AnalysVBFormApl\AnalysisVBFormApl.csproj", "{F7E27B4E-4784-4597-BD91-4014EF883329}"
EndProject
Project("{FAE04EC0-301F-11D3-BF4B-00C04F79EFBC}") = "RepaceSource", "RepaceSource\RepaceSource.csproj", "{88112D04-3E4C-40F9-8247-7121C545D34F}"
EndProject
Project("{FAE04EC0-301F-11D3-BF4B-00C04F79EFBC}") = "OyuLib", "OyuLib\OyuLib.csproj", "{DEE62FAB-1A21-47A6-954E-A6AA22F4AE5B}"
EndProject
Project("{FAE04EC0-301F-11D3-BF4B-00C04F79EFBC}") = "OyuLib.Documents", "OyuLib.Documents\OyuLib.Documents.csproj", "{A2351B54-FCC4-4349-9FAD-CEC765B4C378}"
EndProject
Project("{FAE04EC0-301F-11D3-BF4B-00C04F79EFBC}") = "OyuLib.IO", "OyuLib.IO\OyuLib.IO.csproj", "{DB36F088-321B-42E7-AADC-4762E9F98205}"
EndProject
Project("{FAE04EC0-301F-11D3-BF4B-00C04F79EFBC}") = "OyuLib.Xml", "OyuLib.Xml\OyuLib.Xml.csproj", "{0DFB964D-54B4-4596-AFEE-C49A9DCA9228}"
EndProject
Project("{FAE04EC0-301F-11D3-BF4B-00C04F79EFBC}") = "OyuLib.Documents.Replace", "OyuLib.Documents.Replace\OyuLib.Documents.Replace.csproj", "{CDEC7C3B-CAE2-43CA-A91C-243AD1C8E80C}"
EndProject
Project("{FAE04EC0-301F-11D3-BF4B-00C04F79EFBC}") = "OyuLib.Windows.Forms", "OyuLib.Windows.Forms\OyuLib.Windows.Forms.csproj", "{FC9CCFC1-71FD-41FF-ABDB-60CB9B6204A6}"
EndProject
Project("{FAE04EC0-301F-11D3-BF4B-00C04F79EFBC}") = "OyuLib.Windows.Forms.DataGridView", "OyuLib.Windows.Forms.DataGridView\OyuLib.Windows.Forms.DataGridView.csproj", "{B11D04A4-C034-4873-B1D5-62D9B7B6BFE7}"
EndProject
Project("{FAE04EC0-301F-11D3-BF4B-00C04F79EFBC}") = "OyuLib.Data.DB", "OyuLib.Data.DB\OyuLib.Data.DB.csproj", "{8EEA5E05-187A-4A8A-837B-999AFA436840}"
EndProject
Project("{FAE04EC0-301F-11D3-BF4B-00C04F79EFBC}") = "OyuLib.Documents.Sources.Analysis", "OyuLib.Documents.Analysis\OyuLib.Documents.Sources.Analysis.csproj", "{2BB0F5F4-0234-4C52-907C-5E2347A1129E}"
EndProject
Project("{FAE04EC0-301F-11D3-BF4B-00C04F79EFBC}") = "OyuLib.Documents.Search", "OyuLib.Documents.Search\OyuLib.Documents.Search.csproj", "{9E77426D-6396-4241-B88A-1635EED43E3F}"
EndProject
Project("{FAE04EC0-301F-11D3-BF4B-00C04F79EFBC}") = "OyuLib.Collection", "OyuLib.Collection\OyuLib.Collection.csproj", "{A703A42F-2E68-4589-A1CA-A48D809F0D16}"
EndProject
Project("{FAE04EC0-301F-11D3-BF4B-00C04F79EFBC}") = "TestApp", "TestApp\TestApp.csproj", "{416C836C-DBB7-4728-95F9-CA669D1EF929}"
EndProject
Project("{FAE04EC0-301F-11D3-BF4B-00C04F79EFBC}") = "OyuLib.Documents.Sources", "OyuLib.Documents.Source\OyuLib.Documents.Sources.csproj", "{89573291-D945-4691-B5A2-5A9BE29B2C05}"
EndProject
Project("{FAE04EC0-301F-11D3-BF4B-00C04F79EFBC}") = "OyuLib.Documents.Sources.Analysis.InputFields", "OyuLib.Documents.Sources.Analysis.InputFields\OyuLib.Documents.Sources.Analysis.InputFields.csproj", "{63A639BB-6D26-49C8-9A1E-F78210882DB3}"
EndProject
Global
	GlobalSection(SolutionConfigurationPlatforms) = preSolution
		Debug|Any CPU = Debug|Any CPU
		Debug|Mixed Platforms = Debug|Mixed Platforms
		Debug|x86 = Debug|x86
		Release|Any CPU = Release|Any CPU
		Release|Mixed Platforms = Release|Mixed Platforms
		Release|x86 = Release|x86
	EndGlobalSection
	GlobalSection(ProjectConfigurationPlatforms) = postSolution
		{F7E27B4E-4784-4597-BD91-4014EF883329}.Debug|Any CPU.ActiveCfg = Debug|x86
		{F7E27B4E-4784-4597-BD91-4014EF883329}.Debug|Mixed Platforms.ActiveCfg = Debug|x86
		{F7E27B4E-4784-4597-BD91-4014EF883329}.Debug|Mixed Platforms.Build.0 = Debug|x86
		{F7E27B4E-4784-4597-BD91-4014EF883329}.Debug|x86.ActiveCfg = Debug|x86
		{F7E27B4E-4784-4597-BD91-4014EF883329}.Debug|x86.Build.0 = Debug|x86
		{F7E27B4E-4784-4597-BD91-4014EF883329}.Release|Any CPU.ActiveCfg = Release|x86
		{F7E27B4E-4784-4597-BD91-4014EF883329}.Release|Mixed Platforms.ActiveCfg = Release|x86
		{F7E27B4E-4784-4597-BD91-4014EF883329}.Release|Mixed Platforms.Build.0 = Release|x86
		{F7E27B4E-4784-4597-BD91-4014EF883329}.Release|x86.ActiveCfg = Release|x86
		{F7E27B4E-4784-4597-BD91-4014EF883329}.Release|x86.Build.0 = Release|x86
		{88112D04-3E4C-40F9-8247-7121C545D34F}.Debug|Any CPU.ActiveCfg = Debug|Any CPU
		{88112D04-3E4C-40F9-8247-7121C545D34F}.Debug|Any CPU.Build.0 = Debug|Any CPU
		{88112D04-3E4C-40F9-8247-7121C545D34F}.Debug|Mixed Platforms.ActiveCfg = Debug|Any CPU
		{88112D04-3E4C-40F9-8247-7121C545D34F}.Debug|Mixed Platforms.Build.0 = Debug|Any CPU
		{88112D04-3E4C-40F9-8247-7121C545D34F}.Debug|x86.ActiveCfg = Debug|Any CPU
		{88112D04-3E4C-40F9-8247-7121C545D34F}.Release|Any CPU.ActiveCfg = Release|Any CPU
		{88112D04-3E4C-40F9-8247-7121C545D34F}.Release|Any CPU.Build.0 = Release|Any CPU
		{88112D04-3E4C-40F9-8247-7121C545D34F}.Release|Mixed Platforms.ActiveCfg = Release|Any CPU
		{88112D04-3E4C-40F9-8247-7121C545D34F}.Release|Mixed Platforms.Build.0 = Release|Any CPU
		{88112D04-3E4C-40F9-8247-7121C545D34F}.Release|x86.ActiveCfg = Release|Any CPU
		{DEE62FAB-1A21-47A6-954E-A6AA22F4AE5B}.Debug|Any CPU.ActiveCfg = Debug|Any CPU
		{DEE62FAB-1A21-47A6-954E-A6AA22F4AE5B}.Debug|Any CPU.Build.0 = Debug|Any CPU
		{DEE62FAB-1A21-47A6-954E-A6AA22F4AE5B}.Debug|Mixed Platforms.ActiveCfg = Debug|Any CPU
		{DEE62FAB-1A21-47A6-954E-A6AA22F4AE5B}.Debug|Mixed Platforms.Build.0 = Debug|Any CPU
		{DEE62FAB-1A21-47A6-954E-A6AA22F4AE5B}.Debug|x86.ActiveCfg = Debug|Any CPU
		{DEE62FAB-1A21-47A6-954E-A6AA22F4AE5B}.Release|Any CPU.ActiveCfg = Release|Any CPU
		{DEE62FAB-1A21-47A6-954E-A6AA22F4AE5B}.Release|Any CPU.Build.0 = Release|Any CPU
		{DEE62FAB-1A21-47A6-954E-A6AA22F4AE5B}.Release|Mixed Platforms.ActiveCfg = Release|Any CPU
		{DEE62FAB-1A21-47A6-954E-A6AA22F4AE5B}.Release|Mixed Platforms.Build.0 = Release|Any CPU
		{DEE62FAB-1A21-47A6-954E-A6AA22F4AE5B}.Release|x86.ActiveCfg = Release|Any CPU
		{A2351B54-FCC4-4349-9FAD-CEC765B4C378}.Debug|Any CPU.ActiveCfg = Debug|Any CPU
		{A2351B54-FCC4-4349-9FAD-CEC765B4C378}.Debug|Any CPU.Build.0 = Debug|Any CPU
		{A2351B54-FCC4-4349-9FAD-CEC765B4C378}.Debug|Mixed Platforms.ActiveCfg = Debug|Any CPU
		{A2351B54-FCC4-4349-9FAD-CEC765B4C378}.Debug|Mixed Platforms.Build.0 = Debug|Any CPU
		{A2351B54-FCC4-4349-9FAD-CEC765B4C378}.Debug|x86.ActiveCfg = Debug|Any CPU
		{A2351B54-FCC4-4349-9FAD-CEC765B4C378}.Release|Any CPU.ActiveCfg = Release|Any CPU
		{A2351B54-FCC4-4349-9FAD-CEC765B4C378}.Release|Any CPU.Build.0 = Release|Any CPU
		{A2351B54-FCC4-4349-9FAD-CEC765B4C378}.Release|Mixed Platforms.ActiveCfg = Release|Any CPU
		{A2351B54-FCC4-4349-9FAD-CEC765B4C378}.Release|Mixed Platforms.Build.0 = Release|Any CPU
		{A2351B54-FCC4-4349-9FAD-CEC765B4C378}.Release|x86.ActiveCfg = Release|Any CPU
		{DB36F088-321B-42E7-AADC-4762E9F98205}.Debug|Any CPU.ActiveCfg = Debug|Any CPU
		{DB36F088-321B-42E7-AADC-4762E9F98205}.Debug|Any CPU.Build.0 = Debug|Any CPU
		{DB36F088-321B-42E7-AADC-4762E9F98205}.Debug|Mixed Platforms.ActiveCfg = Debug|Any CPU
		{DB36F088-321B-42E7-AADC-4762E9F98205}.Debug|Mixed Platforms.Build.0 = Debug|Any CPU
		{DB36F088-321B-42E7-AADC-4762E9F98205}.Debug|x86.ActiveCfg = Debug|Any CPU
		{DB36F088-321B-42E7-AADC-4762E9F98205}.Release|Any CPU.ActiveCfg = Release|Any CPU
		{DB36F088-321B-42E7-AADC-4762E9F98205}.Release|Any CPU.Build.0 = Release|Any CPU
		{DB36F088-321B-42E7-AADC-4762E9F98205}.Release|Mixed Platforms.ActiveCfg = Release|Any CPU
		{DB36F088-321B-42E7-AADC-4762E9F98205}.Release|Mixed Platforms.Build.0 = Release|Any CPU
		{DB36F088-321B-42E7-AADC-4762E9F98205}.Release|x86.ActiveCfg = Release|Any CPU
		{0DFB964D-54B4-4596-AFEE-C49A9DCA9228}.Debug|Any CPU.ActiveCfg = Debug|Any CPU
		{0DFB964D-54B4-4596-AFEE-C49A9DCA9228}.Debug|Any CPU.Build.0 = Debug|Any CPU
		{0DFB964D-54B4-4596-AFEE-C49A9DCA9228}.Debug|Mixed Platforms.ActiveCfg = Debug|Any CPU
		{0DFB964D-54B4-4596-AFEE-C49A9DCA9228}.Debug|Mixed Platforms.Build.0 = Debug|Any CPU
		{0DFB964D-54B4-4596-AFEE-C49A9DCA9228}.Debug|x86.ActiveCfg = Debug|Any CPU
		{0DFB964D-54B4-4596-AFEE-C49A9DCA9228}.Release|Any CPU.ActiveCfg = Release|Any CPU
		{0DFB964D-54B4-4596-AFEE-C49A9DCA9228}.Release|Any CPU.Build.0 = Release|Any CPU
		{0DFB964D-54B4-4596-AFEE-C49A9DCA9228}.Release|Mixed Platforms.ActiveCfg = Release|Any CPU
		{0DFB964D-54B4-4596-AFEE-C49A9DCA9228}.Release|Mixed Platforms.Build.0 = Release|Any CPU
		{0DFB964D-54B4-4596-AFEE-C49A9DCA9228}.Release|x86.ActiveCfg = Release|Any CPU
		{CDEC7C3B-CAE2-43CA-A91C-243AD1C8E80C}.Debug|Any CPU.ActiveCfg = Debug|Any CPU
		{CDEC7C3B-CAE2-43CA-A91C-243AD1C8E80C}.Debug|Any CPU.Build.0 = Debug|Any CPU
		{CDEC7C3B-CAE2-43CA-A91C-243AD1C8E80C}.Debug|Mixed Platforms.ActiveCfg = Debug|Any CPU
		{CDEC7C3B-CAE2-43CA-A91C-243AD1C8E80C}.Debug|Mixed Platforms.Build.0 = Debug|Any CPU
		{CDEC7C3B-CAE2-43CA-A91C-243AD1C8E80C}.Debug|x86.ActiveCfg = Debug|Any CPU
		{CDEC7C3B-CAE2-43CA-A91C-243AD1C8E80C}.Release|Any CPU.ActiveCfg = Release|Any CPU
		{CDEC7C3B-CAE2-43CA-A91C-243AD1C8E80C}.Release|Any CPU.Build.0 = Release|Any CPU
		{CDEC7C3B-CAE2-43CA-A91C-243AD1C8E80C}.Release|Mixed Platforms.ActiveCfg = Release|Any CPU
		{CDEC7C3B-CAE2-43CA-A91C-243AD1C8E80C}.Release|Mixed Platforms.Build.0 = Release|Any CPU
		{CDEC7C3B-CAE2-43CA-A91C-243AD1C8E80C}.Release|x86.ActiveCfg = Release|Any CPU
		{FC9CCFC1-71FD-41FF-ABDB-60CB9B6204A6}.Debug|Any CPU.ActiveCfg = Debug|Any CPU
		{FC9CCFC1-71FD-41FF-ABDB-60CB9B6204A6}.Debug|Any CPU.Build.0 = Debug|Any CPU
		{FC9CCFC1-71FD-41FF-ABDB-60CB9B6204A6}.Debug|Mixed Platforms.ActiveCfg = Debug|Any CPU
		{FC9CCFC1-71FD-41FF-ABDB-60CB9B6204A6}.Debug|Mixed Platforms.Build.0 = Debug|Any CPU
		{FC9CCFC1-71FD-41FF-ABDB-60CB9B6204A6}.Debug|x86.ActiveCfg = Debug|Any CPU
		{FC9CCFC1-71FD-41FF-ABDB-60CB9B6204A6}.Release|Any CPU.ActiveCfg = Release|Any CPU
		{FC9CCFC1-71FD-41FF-ABDB-60CB9B6204A6}.Release|Any CPU.Build.0 = Release|Any CPU
		{FC9CCFC1-71FD-41FF-ABDB-60CB9B6204A6}.Release|Mixed Platforms.ActiveCfg = Release|Any CPU
		{FC9CCFC1-71FD-41FF-ABDB-60CB9B6204A6}.Release|Mixed Platforms.Build.0 = Release|Any CPU
		{FC9CCFC1-71FD-41FF-ABDB-60CB9B6204A6}.Release|x86.ActiveCfg = Release|Any CPU
		{B11D04A4-C034-4873-B1D5-62D9B7B6BFE7}.Debug|Any CPU.ActiveCfg = Debug|Any CPU
		{B11D04A4-C034-4873-B1D5-62D9B7B6BFE7}.Debug|Any CPU.Build.0 = Debug|Any CPU
		{B11D04A4-C034-4873-B1D5-62D9B7B6BFE7}.Debug|Mixed Platforms.ActiveCfg = Debug|Any CPU
		{B11D04A4-C034-4873-B1D5-62D9B7B6BFE7}.Debug|Mixed Platforms.Build.0 = Debug|Any CPU
		{B11D04A4-C034-4873-B1D5-62D9B7B6BFE7}.Debug|x86.ActiveCfg = Debug|Any CPU
		{B11D04A4-C034-4873-B1D5-62D9B7B6BFE7}.Release|Any CPU.ActiveCfg = Release|Any CPU
		{B11D04A4-C034-4873-B1D5-62D9B7B6BFE7}.Release|Any CPU.Build.0 = Release|Any CPU
		{B11D04A4-C034-4873-B1D5-62D9B7B6BFE7}.Release|Mixed Platforms.ActiveCfg = Release|Any CPU
		{B11D04A4-C034-4873-B1D5-62D9B7B6BFE7}.Release|Mixed Platforms.Build.0 = Release|Any CPU
		{B11D04A4-C034-4873-B1D5-62D9B7B6BFE7}.Release|x86.ActiveCfg = Release|Any CPU
		{8EEA5E05-187A-4A8A-837B-999AFA436840}.Debug|Any CPU.ActiveCfg = Debug|Any CPU
		{8EEA5E05-187A-4A8A-837B-999AFA436840}.Debug|Any CPU.Build.0 = Debug|Any CPU
		{8EEA5E05-187A-4A8A-837B-999AFA436840}.Debug|Mixed Platforms.ActiveCfg = Debug|Any CPU
		{8EEA5E05-187A-4A8A-837B-999AFA436840}.Debug|Mixed Platforms.Build.0 = Debug|Any CPU
		{8EEA5E05-187A-4A8A-837B-999AFA436840}.Debug|x86.ActiveCfg = Debug|Any CPU
		{8EEA5E05-187A-4A8A-837B-999AFA436840}.Release|Any CPU.ActiveCfg = Release|Any CPU
		{8EEA5E05-187A-4A8A-837B-999AFA436840}.Release|Any CPU.Build.0 = Release|Any CPU
		{8EEA5E05-187A-4A8A-837B-999AFA436840}.Release|Mixed Platforms.ActiveCfg = Release|Any CPU
		{8EEA5E05-187A-4A8A-837B-999AFA436840}.Release|Mixed Platforms.Build.0 = Release|Any CPU
		{8EEA5E05-187A-4A8A-837B-999AFA436840}.Release|x86.ActiveCfg = Release|Any CPU
		{2BB0F5F4-0234-4C52-907C-5E2347A1129E}.Debug|Any CPU.ActiveCfg = Debug|Any CPU
		{2BB0F5F4-0234-4C52-907C-5E2347A1129E}.Debug|Any CPU.Build.0 = Debug|Any CPU
		{2BB0F5F4-0234-4C52-907C-5E2347A1129E}.Debug|Mixed Platforms.ActiveCfg = Debug|Any CPU
		{2BB0F5F4-0234-4C52-907C-5E2347A1129E}.Debug|Mixed Platforms.Build.0 = Debug|Any CPU
		{2BB0F5F4-0234-4C52-907C-5E2347A1129E}.Debug|x86.ActiveCfg = Debug|Any CPU
		{2BB0F5F4-0234-4C52-907C-5E2347A1129E}.Release|Any CPU.ActiveCfg = Release|Any CPU
		{2BB0F5F4-0234-4C52-907C-5E2347A1129E}.Release|Any CPU.Build.0 = Release|Any CPU
		{2BB0F5F4-0234-4C52-907C-5E2347A1129E}.Release|Mixed Platforms.ActiveCfg = Release|Any CPU
		{2BB0F5F4-0234-4C52-907C-5E2347A1129E}.Release|Mixed Platforms.Build.0 = Release|Any CPU
		{2BB0F5F4-0234-4C52-907C-5E2347A1129E}.Release|x86.ActiveCfg = Release|Any CPU
		{9E77426D-6396-4241-B88A-1635EED43E3F}.Debug|Any CPU.ActiveCfg = Debug|Any CPU
		{9E77426D-6396-4241-B88A-1635EED43E3F}.Debug|Any CPU.Build.0 = Debug|Any CPU
		{9E77426D-6396-4241-B88A-1635EED43E3F}.Debug|Mixed Platforms.ActiveCfg = Debug|Any CPU
		{9E77426D-6396-4241-B88A-1635EED43E3F}.Debug|Mixed Platforms.Build.0 = Debug|Any CPU
		{9E77426D-6396-4241-B88A-1635EED43E3F}.Debug|x86.ActiveCfg = Debug|Any CPU
		{9E77426D-6396-4241-B88A-1635EED43E3F}.Release|Any CPU.ActiveCfg = Release|Any CPU
		{9E77426D-6396-4241-B88A-1635EED43E3F}.Release|Any CPU.Build.0 = Release|Any CPU
		{9E77426D-6396-4241-B88A-1635EED43E3F}.Release|Mixed Platforms.ActiveCfg = Release|Any CPU
		{9E77426D-6396-4241-B88A-1635EED43E3F}.Release|Mixed Platforms.Build.0 = Release|Any CPU
		{9E77426D-6396-4241-B88A-1635EED43E3F}.Release|x86.ActiveCfg = Release|Any CPU
		{A703A42F-2E68-4589-A1CA-A48D809F0D16}.Debug|Any CPU.ActiveCfg = Debug|Any CPU
		{A703A42F-2E68-4589-A1CA-A48D809F0D16}.Debug|Any CPU.Build.0 = Debug|Any CPU
		{A703A42F-2E68-4589-A1CA-A48D809F0D16}.Debug|Mixed Platforms.ActiveCfg = Debug|Any CPU
		{A703A42F-2E68-4589-A1CA-A48D809F0D16}.Debug|Mixed Platforms.Build.0 = Debug|Any CPU
		{A703A42F-2E68-4589-A1CA-A48D809F0D16}.Debug|x86.ActiveCfg = Debug|Any CPU
		{A703A42F-2E68-4589-A1CA-A48D809F0D16}.Release|Any CPU.ActiveCfg = Release|Any CPU
		{A703A42F-2E68-4589-A1CA-A48D809F0D16}.Release|Any CPU.Build.0 = Release|Any CPU
		{A703A42F-2E68-4589-A1CA-A48D809F0D16}.Release|Mixed Platforms.ActiveCfg = Release|Any CPU
		{A703A42F-2E68-4589-A1CA-A48D809F0D16}.Release|Mixed Platforms.Build.0 = Release|Any CPU
		{A703A42F-2E68-4589-A1CA-A48D809F0D16}.Release|x86.ActiveCfg = Release|Any CPU
		{416C836C-DBB7-4728-95F9-CA669D1EF929}.Debug|Any CPU.ActiveCfg = Debug|Any CPU
		{416C836C-DBB7-4728-95F9-CA669D1EF929}.Debug|Any CPU.Build.0 = Debug|Any CPU
		{416C836C-DBB7-4728-95F9-CA669D1EF929}.Debug|Mixed Platforms.ActiveCfg = Debug|Any CPU
		{416C836C-DBB7-4728-95F9-CA669D1EF929}.Debug|Mixed Platforms.Build.0 = Debug|Any CPU
		{416C836C-DBB7-4728-95F9-CA669D1EF929}.Debug|x86.ActiveCfg = Debug|Any CPU
		{416C836C-DBB7-4728-95F9-CA669D1EF929}.Release|Any CPU.ActiveCfg = Release|Any CPU
		{416C836C-DBB7-4728-95F9-CA669D1EF929}.Release|Any CPU.Build.0 = Release|Any CPU
		{416C836C-DBB7-4728-95F9-CA669D1EF929}.Release|Mixed Platforms.ActiveCfg = Release|Any CPU
		{416C836C-DBB7-4728-95F9-CA669D1EF929}.Release|Mixed Platforms.Build.0 = Release|Any CPU
		{416C836C-DBB7-4728-95F9-CA669D1EF929}.Release|x86.ActiveCfg = Release|Any CPU
		{89573291-D945-4691-B5A2-5A9BE29B2C05}.Debug|Any CPU.ActiveCfg = Debug|Any CPU
		{89573291-D945-4691-B5A2-5A9BE29B2C05}.Debug|Any CPU.Build.0 = Debug|Any CPU
		{89573291-D945-4691-B5A2-5A9BE29B2C05}.Debug|Mixed Platforms.ActiveCfg = Debug|Any CPU
		{89573291-D945-4691-B5A2-5A9BE29B2C05}.Debug|Mixed Platforms.Build.0 = Debug|Any CPU
		{89573291-D945-4691-B5A2-5A9BE29B2C05}.Debug|x86.ActiveCfg = Debug|Any CPU
		{89573291-D945-4691-B5A2-5A9BE29B2C05}.Release|Any CPU.ActiveCfg = Release|Any CPU
		{89573291-D945-4691-B5A2-5A9BE29B2C05}.Release|Any CPU.Build.0 = Release|Any CPU
		{89573291-D945-4691-B5A2-5A9BE29B2C05}.Release|Mixed Platforms.ActiveCfg = Release|Any CPU
		{89573291-D945-4691-B5A2-5A9BE29B2C05}.Release|Mixed Platforms.Build.0 = Release|Any CPU
		{89573291-D945-4691-B5A2-5A9BE29B2C05}.Release|x86.ActiveCfg = Release|Any CPU
		{63A639BB-6D26-49C8-9A1E-F78210882DB3}.Debug|Any CPU.ActiveCfg = Debug|Any CPU
		{63A639BB-6D26-49C8-9A1E-F78210882DB3}.Debug|Any CPU.Build.0 = Debug|Any CPU
		{63A639BB-6D26-49C8-9A1E-F78210882DB3}.Debug|Mixed Platforms.ActiveCfg = Debug|Any CPU
		{63A639BB-6D26-49C8-9A1E-F78210882DB3}.Debug|Mixed Platforms.Build.0 = Debug|Any CPU
		{63A639BB-6D26-49C8-9A1E-F78210882DB3}.Debug|x86.ActiveCfg = Debug|Any CPU
		{63A639BB-6D26-49C8-9A1E-F78210882DB3}.Release|Any CPU.ActiveCfg = Release|Any CPU
		{63A639BB-6D26-49C8-9A1E-F78210882DB3}.Release|Any CPU.Build.0 = Release|Any CPU
		{63A639BB-6D26-49C8-9A1E-F78210882DB3}.Release|Mixed Platforms.ActiveCfg = Release|Any CPU
		{63A639BB-6D26-49C8-9A1E-F78210882DB3}.Release|Mixed Platforms.Build.0 = Release|Any CPU
		{63A639BB-6D26-49C8-9A1E-F78210882DB3}.Release|x86.ActiveCfg = Release|Any CPU
	EndGlobalSection
	GlobalSection(SolutionProperties) = preSolution
		HideSolutionNode = FALSE
	EndGlobalSection
EndGlobal
