
Microsoft Visual Studio Solution File, Format Version 12.00
# Visual Studio 2013
VisualStudioVersion = 12.0.21005.1
MinimumVisualStudioVersion = 10.0.40219.1
Project("{FAE04EC0-301F-11D3-BF4B-00C04F79EFBC}") = "AnalysSourceCode", "AnalysSourceCode\AnalysSourceCode.csproj", "{497504A2-030B-4013-B115-87D71E1886A7}"
EndProject
Project("{FAE04EC0-301F-11D3-BF4B-00C04F79EFBC}") = "AnalysVBFormApl", "AnalysVBFormApl\AnalysVBFormApl.csproj", "{F7E27B4E-4784-4597-BD91-4014EF883329}"
EndProject
Project("{FAE04EC0-301F-11D3-BF4B-00C04F79EFBC}") = "RepaceSource", "RepaceSource\RepaceSource.csproj", "{88112D04-3E4C-40F9-8247-7121C545D34F}"
EndProject
Project("{FAE04EC0-301F-11D3-BF4B-00C04F79EFBC}") = "OyuLib", "OyuLib\OyuLib.csproj", "{DEE62FAB-1A21-47A6-954E-A6AA22F4AE5B}"
EndProject
Global
	GlobalSection(SolutionConfigurationPlatforms) = preSolution
		Debug|Any CPU = Debug|Any CPU
		Debug|Mixed Platforms = Debug|Mixed Platforms
		Debug|x86 = Debug|x86
		Release|Any CPU = Release|Any CPU
		Release|Mixed Platforms = Release|Mixed Platforms
		Release|x86 = Release|x86
	EndGlobalSection
	GlobalSection(ProjectConfigurationPlatforms) = postSolution
		{497504A2-030B-4013-B115-87D71E1886A7}.Debug|Any CPU.ActiveCfg = Debug|Any CPU
		{497504A2-030B-4013-B115-87D71E1886A7}.Debug|Any CPU.Build.0 = Debug|Any CPU
		{497504A2-030B-4013-B115-87D71E1886A7}.Debug|Mixed Platforms.ActiveCfg = Debug|Any CPU
		{497504A2-030B-4013-B115-87D71E1886A7}.Debug|Mixed Platforms.Build.0 = Debug|Any CPU
		{497504A2-030B-4013-B115-87D71E1886A7}.Debug|x86.ActiveCfg = Debug|Any CPU
		{497504A2-030B-4013-B115-87D71E1886A7}.Release|Any CPU.ActiveCfg = Release|Any CPU
		{497504A2-030B-4013-B115-87D71E1886A7}.Release|Any CPU.Build.0 = Release|Any CPU
		{497504A2-030B-4013-B115-87D71E1886A7}.Release|Mixed Platforms.ActiveCfg = Release|Any CPU
		{497504A2-030B-4013-B115-87D71E1886A7}.Release|Mixed Platforms.Build.0 = Release|Any CPU
		{497504A2-030B-4013-B115-87D71E1886A7}.Release|x86.ActiveCfg = Release|Any CPU
		{F7E27B4E-4784-4597-BD91-4014EF883329}.Debug|Any CPU.ActiveCfg = Debug|x86
		{F7E27B4E-4784-4597-BD91-4014EF883329}.Debug|Mixed Platforms.ActiveCfg = Debug|x86
		{F7E27B4E-4784-4597-BD91-4014EF883329}.Debug|Mixed Platforms.Build.0 = Debug|x86
		{F7E27B4E-4784-4597-BD91-4014EF883329}.Debug|x86.ActiveCfg = Debug|x86
		{F7E27B4E-4784-4597-BD91-4014EF883329}.Debug|x86.Build.0 = Debug|x86
		{F7E27B4E-4784-4597-BD91-4014EF883329}.Release|Any CPU.ActiveCfg = Release|x86
		{F7E27B4E-4784-4597-BD91-4014EF883329}.Release|Mixed Platforms.ActiveCfg = Release|x86
		{F7E27B4E-4784-4597-BD91-4014EF883329}.Release|Mixed Platforms.Build.0 = Release|x86
		{F7E27B4E-4784-4597-BD91-4014EF883329}.Release|x86.ActiveCfg = Release|x86
		{F7E27B4E-4784-4597-BD91-4014EF883329}.Release|x86.Build.0 = Release|x86
		{88112D04-3E4C-40F9-8247-7121C545D34F}.Debug|Any CPU.ActiveCfg = Debug|Any CPU
		{88112D04-3E4C-40F9-8247-7121C545D34F}.Debug|Any CPU.Build.0 = Debug|Any CPU
		{88112D04-3E4C-40F9-8247-7121C545D34F}.Debug|Mixed Platforms.ActiveCfg = Debug|Any CPU
		{88112D04-3E4C-40F9-8247-7121C545D34F}.Debug|Mixed Platforms.Build.0 = Debug|Any CPU
		{88112D04-3E4C-40F9-8247-7121C545D34F}.Debug|x86.ActiveCfg = Debug|Any CPU
		{88112D04-3E4C-40F9-8247-7121C545D34F}.Release|Any CPU.ActiveCfg = Release|Any CPU
		{88112D04-3E4C-40F9-8247-7121C545D34F}.Release|Any CPU.Build.0 = Release|Any CPU
		{88112D04-3E4C-40F9-8247-7121C545D34F}.Release|Mixed Platforms.ActiveCfg = Release|Any CPU
		{88112D04-3E4C-40F9-8247-7121C545D34F}.Release|Mixed Platforms.Build.0 = Release|Any CPU
		{88112D04-3E4C-40F9-8247-7121C545D34F}.Release|x86.ActiveCfg = Release|Any CPU
		{DEE62FAB-1A21-47A6-954E-A6AA22F4AE5B}.Debug|Any CPU.ActiveCfg = Debug|Any CPU
		{DEE62FAB-1A21-47A6-954E-A6AA22F4AE5B}.Debug|Any CPU.Build.0 = Debug|Any CPU
		{DEE62FAB-1A21-47A6-954E-A6AA22F4AE5B}.Debug|Mixed Platforms.ActiveCfg = Debug|Any CPU
		{DEE62FAB-1A21-47A6-954E-A6AA22F4AE5B}.Debug|Mixed Platforms.Build.0 = Debug|Any CPU
		{DEE62FAB-1A21-47A6-954E-A6AA22F4AE5B}.Debug|x86.ActiveCfg = Debug|Any CPU
		{DEE62FAB-1A21-47A6-954E-A6AA22F4AE5B}.Release|Any CPU.ActiveCfg = Release|Any CPU
		{DEE62FAB-1A21-47A6-954E-A6AA22F4AE5B}.Release|Any CPU.Build.0 = Release|Any CPU
		{DEE62FAB-1A21-47A6-954E-A6AA22F4AE5B}.Release|Mixed Platforms.ActiveCfg = Release|Any CPU
		{DEE62FAB-1A21-47A6-954E-A6AA22F4AE5B}.Release|Mixed Platforms.Build.0 = Release|Any CPU
		{DEE62FAB-1A21-47A6-954E-A6AA22F4AE5B}.Release|x86.ActiveCfg = Release|Any CPU
	EndGlobalSection
	GlobalSection(SolutionProperties) = preSolution
		HideSolutionNode = FALSE
	EndGlobalSection
EndGlobal
